{
  "version": 4,
  "terraform_version": "1.11.3",
  "serial": 539,
  "lineage": "6597b200-08c5-b0b2-b9ca-5fdd824b1625",
  "outputs": {},
  "resources": [
    {
      "module": "module.stackit_infrastructure",
      "mode": "managed",
      "type": "openstack_networking_floatingip_associate_v2",
      "name": "public_ip_associate",
      "provider": "module.stackit_infrastructure.provider[\"registry.terraform.io/terraform-provider-openstack/openstack\"]",
      "instances": []
    },
    {
      "module": "module.stackit_infrastructure",
      "mode": "managed",
      "type": "openstack_networking_network_v2",
      "name": "vpc_network",
      "provider": "module.stackit_infrastructure.provider[\"registry.terraform.io/terraform-provider-openstack/openstack\"]",
      "instances": [
        {
          "schema_version": 0,
          "attributes": {
            "admin_state_up": true,
            "all_tags": [
              "constellation-uid-8a18a09f"
            ],
            "availability_zone_hints": [],
            "description": "Constellation VPC network",
            "dns_domain": "",
            "external": false,
            "id": "489e0363-b22b-44dd-9f4e-c9b247c8fbc0",
            "mtu": 8750,
            "name": "constell-8a18a09f",
            "port_security_enabled": true,
            "qos_policy_id": "",
            "region": "RegionOne",
            "segments": [],
            "shared": false,
            "tags": [
              "constellation-uid-8a18a09f"
            ],
            "tenant_id": "4353b88f06554808bc53e4ad70f530df",
            "timeouts": null,
            "transparent_vlan": false,
            "value_specs": null
          },
          "sensitive_attributes": [],
          "private": "eyJlMmJmYjczMC1lY2FhLTExZTYtOGY4OC0zNDM2M2JjN2M0YzAiOnsiY3JlYXRlIjo2MDAwMDAwMDAwMDAsImRlbGV0ZSI6NjAwMDAwMDAwMDAwfX0=",
          "dependencies": [
            "module.stackit_infrastructure.random_id.uid"
          ]
        }
      ]
    },
    {
      "module": "module.stackit_infrastructure",
      "mode": "managed",
      "type": "openstack_networking_subnet_v2",
      "name": "lb_subnetwork",
      "provider": "module.stackit_infrastructure.provider[\"registry.terraform.io/terraform-provider-openstack/openstack\"]",
      "instances": [
        {
          "schema_version": 0,
          "attributes": {
            "all_tags": [
              "constellation-uid-8a18a09f"
            ],
            "allocation_pool": [
              {
                "end": "192.168.177.254",
                "start": "192.168.177.2"
              }
            ],
            "cidr": "192.168.177.0/24",
            "description": "Constellation LB subnetwork",
            "dns_nameservers": [
              "1.1.1.1",
              "8.8.8.8",
              "9.9.9.9"
            ],
            "dns_publish_fixed_ip": false,
            "enable_dhcp": true,
            "gateway_ip": "192.168.177.1",
            "id": "82b0da0b-468c-40f6-970f-76d168318e58",
            "ip_version": 4,
            "ipv6_address_mode": "",
            "ipv6_ra_mode": "",
            "name": "constell-8a18a09f-lb",
            "network_id": "489e0363-b22b-44dd-9f4e-c9b247c8fbc0",
            "no_gateway": false,
            "prefix_length": null,
            "region": "RegionOne",
            "service_types": [],
            "subnetpool_id": "",
            "tags": [
              "constellation-uid-8a18a09f"
            ],
            "tenant_id": "4353b88f06554808bc53e4ad70f530df",
            "timeouts": null,
            "value_specs": null
          },
          "sensitive_attributes": [],
          "private": "eyJlMmJmYjczMC1lY2FhLTExZTYtOGY4OC0zNDM2M2JjN2M0YzAiOnsiY3JlYXRlIjo2MDAwMDAwMDAwMDAsImRlbGV0ZSI6NjAwMDAwMDAwMDAwfX0=",
          "dependencies": [
            "module.stackit_infrastructure.openstack_networking_network_v2.vpc_network",
            "module.stackit_infrastructure.random_id.uid"
          ]
        }
      ]
    },
    {
      "module": "module.stackit_infrastructure",
      "mode": "managed",
      "type": "random_id",
      "name": "uid",
      "provider": "provider[\"registry.terraform.io/hashicorp/random\"]",
      "instances": [
        {
          "schema_version": 0,
          "attributes": {
            "b64_std": "ihignw==",
            "b64_url": "ihignw",
            "byte_length": 4,
            "dec": "2316869791",
            "hex": "8a18a09f",
            "id": "ihignw",
            "keepers": null,
            "prefix": null
          },
          "sensitive_attributes": []
        }
      ]
    }
  ],
  "check_results": [
    {
      "object_kind": "var",
      "config_addr": "module.stackit_infrastructure.module.instance_group.var.role",
      "status": "unknown",
      "objects": null
    },
    {
      "object_kind": "var",
      "config_addr": "module.stackit_infrastructure.var.node_groups",
      "status": "unknown",
      "objects": null
    }
  ]
}
